// !$*UTF8*$!
{
	archiveVersion = 1;
	classes = {
	};
	objectVersion = 46;
	objects = {

/* Begin PBXBuildFile section */
		6D4A21FB185F640B00A40B0F /* Foundation.framework in Frameworks */ = {isa = PBXBuildFile; fileRef = 6D4A21FA185F640B00A40B0F /* Foundation.framework */; };
		6D4A21FD185F640B00A40B0F /* CoreGraphics.framework in Frameworks */ = {isa = PBXBuildFile; fileRef = 6D4A21FC185F640B00A40B0F /* CoreGraphics.framework */; };
		6D4A21FF185F640B00A40B0F /* UIKit.framework in Frameworks */ = {isa = PBXBuildFile; fileRef = 6D4A21FE185F640B00A40B0F /* UIKit.framework */; };
		6D4A2205185F640B00A40B0F /* InfoPlist.strings in Resources */ = {isa = PBXBuildFile; fileRef = 6D4A2203185F640B00A40B0F /* InfoPlist.strings */; };
		6D4A2207185F640B00A40B0F /* main.m in Sources */ = {isa = PBXBuildFile; fileRef = 6D4A2206185F640B00A40B0F /* main.m */; };
		6D4A220B185F640B00A40B0F /* AppDelegate.m in Sources */ = {isa = PBXBuildFile; fileRef = 6D4A220A185F640B00A40B0F /* AppDelegate.m */; };
		6D4A220E185F640B00A40B0F /* Main.storyboard in Resources */ = {isa = PBXBuildFile; fileRef = 6D4A220C185F640B00A40B0F /* Main.storyboard */; };
		6D4A2211185F640B00A40B0F /* ViewController.m in Sources */ = {isa = PBXBuildFile; fileRef = 6D4A2210185F640B00A40B0F /* ViewController.m */; };
		6D4A2213185F640B00A40B0F /* Images.xcassets in Resources */ = {isa = PBXBuildFile; fileRef = 6D4A2212185F640B00A40B0F /* Images.xcassets */; };
		6D4A221A185F640B00A40B0F /* XCTest.framework in Frameworks */ = {isa = PBXBuildFile; fileRef = 6D4A2219185F640B00A40B0F /* XCTest.framework */; };
		6D4A221B185F640B00A40B0F /* Foundation.framework in Frameworks */ = {isa = PBXBuildFile; fileRef = 6D4A21FA185F640B00A40B0F /* Foundation.framework */; };
		6D4A221C185F640B00A40B0F /* UIKit.framework in Frameworks */ = {isa = PBXBuildFile; fileRef = 6D4A21FE185F640B00A40B0F /* UIKit.framework */; };
		6D4A2224185F640B00A40B0F /* InfoPlist.strings in Resources */ = {isa = PBXBuildFile; fileRef = 6D4A2222185F640B00A40B0F /* InfoPlist.strings */; };
		6D4A2226185F640B00A40B0F /* ADDropDownMenuDemoTests.m in Sources */ = {isa = PBXBuildFile; fileRef = 6D4A2225185F640B00A40B0F /* ADDropDownMenuDemoTests.m */; };
		6D4A2235185F654000A40B0F /* ADDropDownMenuView.m in Sources */ = {isa = PBXBuildFile; fileRef = 6D4A2234185F654000A40B0F /* ADDropDownMenuView.m */; };
		6D4A2238185F655500A40B0F /* ADDropDownMenuItemView.m in Sources */ = {isa = PBXBuildFile; fileRef = 6D4A2237185F655500A40B0F /* ADDropDownMenuItemView.m */; };
/* End PBXBuildFile section */

/* Begin PBXContainerItemProxy section */
		6D4A221D185F640B00A40B0F /* PBXContainerItemProxy */ = {
			isa = PBXContainerItemProxy;
			containerPortal = 6D4A21EF185F640B00A40B0F /* Project object */;
			proxyType = 1;
			remoteGlobalIDString = 6D4A21F6185F640B00A40B0F;
			remoteInfo = ADDropDownMenuDemo;
		};
/* End PBXContainerItemProxy section */

/* Begin PBXFileReference section */
		6D4A21F7185F640B00A40B0F /* ADDropDownMenuDemo.app */ = {isa = PBXFileReference; explicitFileType = wrapper.application; includeInIndex = 0; path = ADDropDownMenuDemo.app; sourceTree = BUILT_PRODUCTS_DIR; };
		6D4A21FA185F640B00A40B0F /* Foundation.framework */ = {isa = PBXFileReference; lastKnownFileType = wrapper.framework; name = Foundation.framework; path = System/Library/Frameworks/Foundation.framework; sourceTree = SDKROOT; };
		6D4A21FC185F640B00A40B0F /* CoreGraphics.framework */ = {isa = PBXFileReference; lastKnownFileType = wrapper.framework; name = CoreGraphics.framework; path = System/Library/Frameworks/CoreGraphics.framework; sourceTree = SDKROOT; };
		6D4A21FE185F640B00A40B0F /* UIKit.framework */ = {isa = PBXFileReference; lastKnownFileType = wrapper.framework; name = UIKit.framework; path = System/Library/Frameworks/UIKit.framework; sourceTree = SDKROOT; };
		6D4A2202185F640B00A40B0F /* ADDropDownMenuDemo-Info.plist */ = {isa = PBXFileReference; lastKnownFileType = text.plist.xml; path = "ADDropDownMenuDemo-Info.plist"; sourceTree = "<group>"; };
		6D4A2204185F640B00A40B0F /* en */ = {isa = PBXFileReference; lastKnownFileType = text.plist.strings; name = en; path = en.lproj/InfoPlist.strings; sourceTree = "<group>"; };
		6D4A2206185F640B00A40B0F /* main.m */ = {isa = PBXFileReference; lastKnownFileType = sourcecode.c.objc; path = main.m; sourceTree = "<group>"; };
		6D4A2208185F640B00A40B0F /* ADDropDownMenuDemo-Prefix.pch */ = {isa = PBXFileReference; lastKnownFileType = sourcecode.c.h; path = "ADDropDownMenuDemo-Prefix.pch"; sourceTree = "<group>"; };
		6D4A2209185F640B00A40B0F /* AppDelegate.h */ = {isa = PBXFileReference; lastKnownFileType = sourcecode.c.h; path = AppDelegate.h; sourceTree = "<group>"; };
		6D4A220A185F640B00A40B0F /* AppDelegate.m */ = {isa = PBXFileReference; lastKnownFileType = sourcecode.c.objc; path = AppDelegate.m; sourceTree = "<group>"; };
		6D4A220D185F640B00A40B0F /* Base */ = {isa = PBXFileReference; lastKnownFileType = file.storyboard; name = Base; path = Base.lproj/Main.storyboard; sourceTree = "<group>"; };
		6D4A220F185F640B00A40B0F /* ViewController.h */ = {isa = PBXFileReference; lastKnownFileType = sourcecode.c.h; path = ViewController.h; sourceTree = "<group>"; };
		6D4A2210185F640B00A40B0F /* ViewController.m */ = {isa = PBXFileReference; lastKnownFileType = sourcecode.c.objc; path = ViewController.m; sourceTree = "<group>"; };
		6D4A2212185F640B00A40B0F /* Images.xcassets */ = {isa = PBXFileReference; lastKnownFileType = folder.assetcatalog; path = Images.xcassets; sourceTree = "<group>"; };
		6D4A2218185F640B00A40B0F /* ADDropDownMenuDemoTests.xctest */ = {isa = PBXFileReference; explicitFileType = wrapper.cfbundle; includeInIndex = 0; path = ADDropDownMenuDemoTests.xctest; sourceTree = BUILT_PRODUCTS_DIR; };
		6D4A2219185F640B00A40B0F /* XCTest.framework */ = {isa = PBXFileReference; lastKnownFileType = wrapper.framework; name = XCTest.framework; path = Library/Frameworks/XCTest.framework; sourceTree = DEVELOPER_DIR; };
		6D4A2221185F640B00A40B0F /* ADDropDownMenuDemoTests-Info.plist */ = {isa = PBXFileReference; lastKnownFileType = text.plist.xml; path = "ADDropDownMenuDemoTests-Info.plist"; sourceTree = "<group>"; };
		6D4A2223185F640B00A40B0F /* en */ = {isa = PBXFileReference; lastKnownFileType = text.plist.strings; name = en; path = en.lproj/InfoPlist.strings; sourceTree = "<group>"; };
		6D4A2225185F640B00A40B0F /* ADDropDownMenuDemoTests.m */ = {isa = PBXFileReference; lastKnownFileType = sourcecode.c.objc; path = ADDropDownMenuDemoTests.m; sourceTree = "<group>"; };
		6D4A2233185F654000A40B0F /* ADDropDownMenuView.h */ = {isa = PBXFileReference; fileEncoding = 4; lastKnownFileType = sourcecode.c.h; path = ADDropDownMenuView.h; sourceTree = "<group>"; };
		6D4A2234185F654000A40B0F /* ADDropDownMenuView.m */ = {isa = PBXFileReference; fileEncoding = 4; lastKnownFileType = sourcecode.c.objc; path = ADDropDownMenuView.m; sourceTree = "<group>"; };
		6D4A2236185F655500A40B0F /* ADDropDownMenuItemView.h */ = {isa = PBXFileReference; fileEncoding = 4; lastKnownFileType = sourcecode.c.h; path = ADDropDownMenuItemView.h; sourceTree = "<group>"; };
		6D4A2237185F655500A40B0F /* ADDropDownMenuItemView.m */ = {isa = PBXFileReference; fileEncoding = 4; lastKnownFileType = sourcecode.c.objc; path = ADDropDownMenuItemView.m; sourceTree = "<group>"; };
/* End PBXFileReference section */

/* Begin PBXFrameworksBuildPhase section */
		6D4A21F4185F640B00A40B0F /* Frameworks */ = {
			isa = PBXFrameworksBuildPhase;
			buildActionMask = 2147483647;
			files = (
				6D4A21FD185F640B00A40B0F /* CoreGraphics.framework in Frameworks */,
				6D4A21FF185F640B00A40B0F /* UIKit.framework in Frameworks */,
				6D4A21FB185F640B00A40B0F /* Foundation.framework in Frameworks */,
			);
			runOnlyForDeploymentPostprocessing = 0;
		};
		6D4A2215185F640B00A40B0F /* Frameworks */ = {
			isa = PBXFrameworksBuildPhase;
			buildActionMask = 2147483647;
			files = (
				6D4A221A185F640B00A40B0F /* XCTest.framework in Frameworks */,
				6D4A221C185F640B00A40B0F /* UIKit.framework in Frameworks */,
				6D4A221B185F640B00A40B0F /* Foundation.framework in Frameworks */,
			);
			runOnlyForDeploymentPostprocessing = 0;
		};
/* End PBXFrameworksBuildPhase section */

/* Begin PBXGroup section */
		6D4A21EE185F640B00A40B0F = {
			isa = PBXGroup;
			children = (
				6D4A2232185F64AE00A40B0F /* ADDropDownMenu */,
				6D4A2200185F640B00A40B0F /* ADDropDownMenuDemo */,
				6D4A221F185F640B00A40B0F /* ADDropDownMenuDemoTests */,
				6D4A21F9185F640B00A40B0F /* Frameworks */,
				6D4A21F8185F640B00A40B0F /* Products */,
			);
			sourceTree = "<group>";
		};
		6D4A21F8185F640B00A40B0F /* Products */ = {
			isa = PBXGroup;
			children = (
				6D4A21F7185F640B00A40B0F /* ADDropDownMenuDemo.app */,
				6D4A2218185F640B00A40B0F /* ADDropDownMenuDemoTests.xctest */,
			);
			name = Products;
			sourceTree = "<group>";
		};
		6D4A21F9185F640B00A40B0F /* Frameworks */ = {
			isa = PBXGroup;
			children = (
				6D4A21FA185F640B00A40B0F /* Foundation.framework */,
				6D4A21FC185F640B00A40B0F /* CoreGraphics.framework */,
				6D4A21FE185F640B00A40B0F /* UIKit.framework */,
				6D4A2219185F640B00A40B0F /* XCTest.framework */,
			);
			name = Frameworks;
			sourceTree = "<group>";
		};
		6D4A2200185F640B00A40B0F /* ADDropDownMenuDemo */ = {
			isa = PBXGroup;
			children = (
				6D4A2209185F640B00A40B0F /* AppDelegate.h */,
				6D4A220A185F640B00A40B0F /* AppDelegate.m */,
				6D4A220C185F640B00A40B0F /* Main.storyboard */,
				6D4A220F185F640B00A40B0F /* ViewController.h */,
				6D4A2210185F640B00A40B0F /* ViewController.m */,
				6D4A2212185F640B00A40B0F /* Images.xcassets */,
				6D4A2201185F640B00A40B0F /* Supporting Files */,
			);
			path = ADDropDownMenuDemo;
			sourceTree = "<group>";
		};
		6D4A2201185F640B00A40B0F /* Supporting Files */ = {
			isa = PBXGroup;
			children = (
				6D4A2202185F640B00A40B0F /* ADDropDownMenuDemo-Info.plist */,
				6D4A2203185F640B00A40B0F /* InfoPlist.strings */,
				6D4A2206185F640B00A40B0F /* main.m */,
				6D4A2208185F640B00A40B0F /* ADDropDownMenuDemo-Prefix.pch */,
			);
			name = "Supporting Files";
			sourceTree = "<group>";
		};
		6D4A221F185F640B00A40B0F /* ADDropDownMenuDemoTests */ = {
			isa = PBXGroup;
			children = (
				6D4A2225185F640B00A40B0F /* ADDropDownMenuDemoTests.m */,
				6D4A2220185F640B00A40B0F /* Supporting Files */,
			);
			path = ADDropDownMenuDemoTests;
			sourceTree = "<group>";
		};
		6D4A2220185F640B00A40B0F /* Supporting Files */ = {
			isa = PBXGroup;
			children = (
				6D4A2221185F640B00A40B0F /* ADDropDownMenuDemoTests-Info.plist */,
				6D4A2222185F640B00A40B0F /* InfoPlist.strings */,
			);
			name = "Supporting Files";
			sourceTree = "<group>";
		};
		6D4A2232185F64AE00A40B0F /* ADDropDownMenu */ = {
			isa = PBXGroup;
			children = (
				6D4A2233185F654000A40B0F /* ADDropDownMenuView.h */,
				6D4A2234185F654000A40B0F /* ADDropDownMenuView.m */,
				6D4A2236185F655500A40B0F /* ADDropDownMenuItemView.h */,
				6D4A2237185F655500A40B0F /* ADDropDownMenuItemView.m */,
			);
			path = ADDropDownMenu;
			sourceTree = "<group>";
		};
/* End PBXGroup section */

/* Begin PBXNativeTarget section */
		6D4A21F6185F640B00A40B0F /* ADDropDownMenuDemo */ = {
			isa = PBXNativeTarget;
			buildConfigurationList = 6D4A2229185F640B00A40B0F /* Build configuration list for PBXNativeTarget "ADDropDownMenuDemo" */;
			buildPhases = (
				6D4A21F3185F640B00A40B0F /* Sources */,
				6D4A21F4185F640B00A40B0F /* Frameworks */,
				6D4A21F5185F640B00A40B0F /* Resources */,
			);
			buildRules = (
			);
			dependencies = (
			);
			name = ADDropDownMenuDemo;
			productName = ADDropDownMenuDemo;
			productReference = 6D4A21F7185F640B00A40B0F /* ADDropDownMenuDemo.app */;
			productType = "com.apple.product-type.application";
		};
		6D4A2217185F640B00A40B0F /* ADDropDownMenuDemoTests */ = {
			isa = PBXNativeTarget;
			buildConfigurationList = 6D4A222C185F640B00A40B0F /* Build configuration list for PBXNativeTarget "ADDropDownMenuDemoTests" */;
			buildPhases = (
				6D4A2214185F640B00A40B0F /* Sources */,
				6D4A2215185F640B00A40B0F /* Frameworks */,
				6D4A2216185F640B00A40B0F /* Resources */,
			);
			buildRules = (
			);
			dependencies = (
				6D4A221E185F640B00A40B0F /* PBXTargetDependency */,
			);
			name = ADDropDownMenuDemoTests;
			productName = ADDropDownMenuDemoTests;
			productReference = 6D4A2218185F640B00A40B0F /* ADDropDownMenuDemoTests.xctest */;
			productType = "com.apple.product-type.bundle.unit-test";
		};
/* End PBXNativeTarget section */

/* Begin PBXProject section */
		6D4A21EF185F640B00A40B0F /* Project object */ = {
			isa = PBXProject;
			attributes = {
				LastUpgradeCheck = 0500;
				ORGANIZATIONNAME = "Anton Domashnev";
				TargetAttributes = {
					6D4A2217185F640B00A40B0F = {
						TestTargetID = 6D4A21F6185F640B00A40B0F;
					};
				};
			};
			buildConfigurationList = 6D4A21F2185F640B00A40B0F /* Build configuration list for PBXProject "ADDropDownMenuDemo" */;
			compatibilityVersion = "Xcode 3.2";
			developmentRegion = English;
			hasScannedForEncodings = 0;
			knownRegions = (
				en,
				Base,
			);
			mainGroup = 6D4A21EE185F640B00A40B0F;
			productRefGroup = 6D4A21F8185F640B00A40B0F /* Products */;
			projectDirPath = "";
			projectRoot = "";
			targets = (
				6D4A21F6185F640B00A40B0F /* ADDropDownMenuDemo */,
				6D4A2217185F640B00A40B0F /* ADDropDownMenuDemoTests */,
			);
		};
/* End PBXProject section */

/* Begin PBXResourcesBuildPhase section */
		6D4A21F5185F640B00A40B0F /* Resources */ = {
			isa = PBXResourcesBuildPhase;
			buildActionMask = 2147483647;
			files = (
				6D4A2213185F640B00A40B0F /* Images.xcassets in Resources */,
				6D4A2205185F640B00A40B0F /* InfoPlist.strings in Resources */,
				6D4A220E185F640B00A40B0F /* Main.storyboard in Resources */,
			);
			runOnlyForDeploymentPostprocessing = 0;
		};
		6D4A2216185F640B00A40B0F /* Resources */ = {
			isa = PBXResourcesBuildPhase;
			buildActionMask = 2147483647;
			files = (
				6D4A2224185F640B00A40B0F /* InfoPlist.strings in Resources */,
			);
			runOnlyForDeploymentPostprocessing = 0;
		};
/* End PBXResourcesBuildPhase section */

/* Begin PBXSourcesBuildPhase section */
		6D4A21F3185F640B00A40B0F /* Sources */ = {
			isa = PBXSourcesBuildPhase;
			buildActionMask = 2147483647;
			files = (
				6D4A2238185F655500A40B0F /* ADDropDownMenuItemView.m in Sources */,
				6D4A2211185F640B00A40B0F /* ViewController.m in Sources */,
				6D4A2235185F654000A40B0F /* ADDropDownMenuView.m in Sources */,
				6D4A220B185F640B00A40B0F /* AppDelegate.m in Sources */,
				6D4A2207185F640B00A40B0F /* main.m in Sources */,
			);
			runOnlyForDeploymentPostprocessing = 0;
		};
		6D4A2214185F640B00A40B0F /* Sources */ = {
			isa = PBXSourcesBuildPhase;
			buildActionMask = 2147483647;
			files = (
				6D4A2226185F640B00A40B0F /* ADDropDownMenuDemoTests.m in Sources */,
			);
			runOnlyForDeploymentPostprocessing = 0;
		};
/* End PBXSourcesBuildPhase section */

/* Begin PBXTargetDependency section */
		6D4A221E185F640B00A40B0F /* PBXTargetDependency */ = {
			isa = PBXTargetDependency;
			target = 6D4A21F6185F640B00A40B0F /* ADDropDownMenuDemo */;
			targetProxy = 6D4A221D185F640B00A40B0F /* PBXContainerItemProxy */;
		};
/* End PBXTargetDependency section */

/* Begin PBXVariantGroup section */
		6D4A2203185F640B00A40B0F /* InfoPlist.strings */ = {
			isa = PBXVariantGroup;
			children = (
				6D4A2204185F640B00A40B0F /* en */,
			);
			name = InfoPlist.strings;
			sourceTree = "<group>";
		};
		6D4A220C185F640B00A40B0F /* Main.storyboard */ = {
			isa = PBXVariantGroup;
			children = (
				6D4A220D185F640B00A40B0F /* Base */,
			);
			name = Main.storyboard;
			sourceTree = "<group>";
		};
		6D4A2222185F640B00A40B0F /* InfoPlist.strings */ = {
			isa = PBXVariantGroup;
			children = (
				6D4A2223185F640B00A40B0F /* en */,
			);
			name = InfoPlist.strings;
			sourceTree = "<group>";
		};
/* End PBXVariantGroup section */

/* Begin XCBuildConfiguration section */
		6D4A2227185F640B00A40B0F /* Debug */ = {
			isa = XCBuildConfiguration;
			buildSettings = {
				ALWAYS_SEARCH_USER_PATHS = NO;
				ARCHS = "$(ARCHS_STANDARD_INCLUDING_64_BIT)";
				CLANG_CXX_LANGUAGE_STANDARD = "gnu++0x";
				CLANG_CXX_LIBRARY = "libc++";
				CLANG_ENABLE_MODULES = YES;
				CLANG_ENABLE_OBJC_ARC = YES;
				CLANG_WARN_BOOL_CONVERSION = YES;
				CLANG_WARN_CONSTANT_CONVERSION = YES;
				CLANG_WARN_DIRECT_OBJC_ISA_USAGE = YES_ERROR;
				CLANG_WARN_EMPTY_BODY = YES;
				CLANG_WARN_ENUM_CONVERSION = YES;
				CLANG_WARN_INT_CONVERSION = YES;
				CLANG_WARN_OBJC_ROOT_CLASS = YES_ERROR;
				CLANG_WARN__DUPLICATE_METHOD_MATCH = YES;
				"CODE_SIGN_IDENTITY[sdk=iphoneos*]" = "iPhone Developer";
				COPY_PHASE_STRIP = NO;
				GCC_C_LANGUAGE_STANDARD = gnu99;
				GCC_DYNAMIC_NO_PIC = NO;
				GCC_OPTIMIZATION_LEVEL = 0;
				GCC_PREPROCESSOR_DEFINITIONS = (
					"DEBUG=1",
					"$(inherited)",
				);
				GCC_SYMBOLS_PRIVATE_EXTERN = NO;
				GCC_WARN_64_TO_32_BIT_CONVERSION = YES;
				GCC_WARN_ABOUT_RETURN_TYPE = YES_ERROR;
				GCC_WARN_UNDECLARED_SELECTOR = YES;
				GCC_WARN_UNINITIALIZED_AUTOS = YES;
				GCC_WARN_UNUSED_FUNCTION = YES;
				GCC_WARN_UNUSED_VARIABLE = YES;
				IPHONEOS_DEPLOYMENT_TARGET = 7.0;
				ONLY_ACTIVE_ARCH = YES;
				SDKROOT = iphoneos;
			};
			name = Debug;
		};
		6D4A2228185F640B00A40B0F /* Release */ = {
			isa = XCBuildConfiguration;
			buildSettings = {
				ALWAYS_SEARCH_USER_PATHS = NO;
				ARCHS = "$(ARCHS_STANDARD_INCLUDING_64_BIT)";
				CLANG_CXX_LANGUAGE_STANDARD = "gnu++0x";
				CLANG_CXX_LIBRARY = "libc++";
				CLANG_ENABLE_MODULES = YES;
				CLANG_ENABLE_OBJC_ARC = YES;
				CLANG_WARN_BOOL_CONVERSION = YES;
				CLANG_WARN_CONSTANT_CONVERSION = YES;
				CLANG_WARN_DIRECT_OBJC_ISA_USAGE = YES_ERROR;
				CLANG_WARN_EMPTY_BODY = YES;
				CLANG_WARN_ENUM_CONVERSION = YES;
				CLANG_WARN_INT_CONVERSION = YES;
				CLANG_WARN_OBJC_ROOT_CLASS = YES_ERROR;
				CLANG_WARN__DUPLICATE_METHOD_MATCH = YES;
				"CODE_SIGN_IDENTITY[sdk=iphoneos*]" = "iPhone Developer";
				COPY_PHASE_STRIP = YES;
				ENABLE_NS_ASSERTIONS = NO;
				GCC_C_LANGUAGE_STANDARD = gnu99;
				GCC_WARN_64_TO_32_BIT_CONVERSION = YES;
				GCC_WARN_ABOUT_RETURN_TYPE = YES_ERROR;
				GCC_WARN_UNDECLARED_SELECTOR = YES;
				GCC_WARN_UNINITIALIZED_AUTOS = YES;
				GCC_WARN_UNUSED_FUNCTION = YES;
				GCC_WARN_UNUSED_VARIABLE = YES;
				IPHONEOS_DEPLOYMENT_TARGET = 7.0;
				SDKROOT = iphoneos;
				VALIDATE_PRODUCT = YES;
			};
			name = Release;
		};
		6D4A222A185F640B00A40B0F /* Debug */ = {
			isa = XCBuildConfiguration;
			buildSettings = {
				ARCHS = "$(ARCHS_STANDARD)";
				ASSETCATALOG_COMPILER_APPICON_NAME = AppIcon;
				ASSETCATALOG_COMPILER_LAUNCHIMAGE_NAME = LaunchImage;
				GCC_PRECOMPILE_PREFIX_HEADER = YES;
				GCC_PREFIX_HEADER = "ADDropDownMenuDemo/ADDropDownMenuDemo-Prefix.pch";
				INFOPLIST_FILE = "ADDropDownMenuDemo/ADDropDownMenuDemo-Info.plist";
				IPHONEOS_DEPLOYMENT_TARGET = 5.0;
				PRODUCT_NAME = "$(TARGET_NAME)";
				VALID_ARCHS = "armv7 armv7s";
				WRAPPER_EXTENSION = app;
			};
			name = Debug;
		};
		6D4A222B185F640B00A40B0F /* Release */ = {
			isa = XCBuildConfiguration;
			buildSettings = {
				ARCHS = "$(ARCHS_STANDARD)";
				ASSETCATALOG_COMPILER_APPICON_NAME = AppIcon;
				ASSETCATALOG_COMPILER_LAUNCHIMAGE_NAME = LaunchImage;
				GCC_PRECOMPILE_PREFIX_HEADER = YES;
				GCC_PREFIX_HEADER = "ADDropDownMenuDemo/ADDropDownMenuDemo-Prefix.pch";
				INFOPLIST_FILE = "ADDropDownMenuDemo/ADDropDownMenuDemo-Info.plist";
				IPHONEOS_DEPLOYMENT_TARGET = 5.0;
				PRODUCT_NAME = "$(TARGET_NAME)";
				VALID_ARCHS = "armv7 armv7s";
				WRAPPER_EXTENSION = app;
			};
			name = Release;
		};
		6D4A222D185F640B00A40B0F /* Debug */ = {
			isa = XCBuildConfiguration;
			buildSettings = {
				ARCHS = "$(ARCHS_STANDARD_INCLUDING_64_BIT)";
				BUNDLE_LOADER = "$(BUILT_PRODUCTS_DIR)/ADDropDownMenuDemo.app/ADDropDownMenuDemo";
				FRAMEWORK_SEARCH_PATHS = (
					"$(SDKROOT)/Developer/Library/Frameworks",
					"$(inherited)",
					"$(DEVELOPER_FRAMEWORKS_DIR)",
				);
				GCC_PRECOMPILE_PREFIX_HEADER = YES;
				GCC_PREFIX_HEADER = "ADDropDownMenuDemo/ADDropDownMenuDemo-Prefix.pch";
				GCC_PREPROCESSOR_DEFINITIONS = (
					"DEBUG=1",
					"$(inherited)",
				);
				INFOPLIST_FILE = "ADDropDownMenuDemoTests/ADDropDownMenuDemoTests-Info.plist";
				PRODUCT_NAME = "$(TARGET_NAME)";
				TEST_HOST = "$(BUNDLE_LOADER)";
				WRAPPER_EXTENSION = xctest;
			};
			name = Debug;
		};
		6D4A222E185F640B00A40B0F /* Release */ = {
			isa = XCBuildConfiguration;
			buildSettings = {
				ARCHS = "$(ARCHS_STANDARD_INCLUDING_64_BIT)";
				BUNDLE_LOADER = "$(BUILT_PRODUCTS_DIR)/ADDropDownMenuDemo.app/ADDropDownMenuDemo";
				FRAMEWORK_SEARCH_PATHS = (
					"$(SDKROOT)/Developer/Library/Frameworks",
					"$(inherited)",
					"$(DEVELOPER_FRAMEWORKS_DIR)",
				);
				GCC_PRECOMPILE_PREFIX_HEADER = YES;
				GCC_PREFIX_HEADER = "ADDropDownMenuDemo/ADDropDownMenuDemo-Prefix.pch";
				INFOPLIST_FILE = "ADDropDownMenuDemoTests/ADDropDownMenuDemoTests-Info.plist";
				PRODUCT_NAME = "$(TARGET_NAME)";
				TEST_HOST = "$(BUNDLE_LOADER)";
				WRAPPER_EXTENSION = xctest;
			};
			name = Release;
		};
/* End XCBuildConfiguration section */

/* Begin XCConfigurationList section */
		6D4A21F2185F640B00A40B0F /* Build configuration list for PBXProject "ADDropDownMenuDemo" */ = {
			isa = XCConfigurationList;
			buildConfigurations = (
				6D4A2227185F640B00A40B0F /* Debug */,
				6D4A2228185F640B00A40B0F /* Release */,
			);
			defaultConfigurationIsVisible = 0;
			defaultConfigurationName = Release;
		};
		6D4A2229185F640B00A40B0F /* Build configuration list for PBXNativeTarget "ADDropDownMenuDemo" */ = {
			isa = XCConfigurationList;
			buildConfigurations = (
				6D4A222A185F640B00A40B0F /* Debug */,
				6D4A222B185F640B00A40B0F /* Release */,
			);
			defaultConfigurationIsVisible = 0;
		};
		6D4A222C185F640B00A40B0F /* Build configuration list for PBXNativeTarget "ADDropDownMenuDemoTests" */ = {
			isa = XCConfigurationList;
			buildConfigurations = (
				6D4A222D185F640B00A40B0F /* Debug */,
				6D4A222E185F640B00A40B0F /* Release */,
			);
			defaultConfigurationIsVisible = 0;
		};
/* End XCConfigurationList section */
	};
	rootObject = 6D4A21EF185F640B00A40B0F /* Project object */;
}
